
Microsoft Visual Studio Solution File, Format Version 12.00
Project("{FAE04EC0-301F-11D3-BF4B-00C04F79EFBC}") = "LibraryComplexApi", "LibraryComplexApi\LibraryComplexApi.csproj", "{2DC346F1-893A-4DB5-A8F5-68135DC3D8DE}"
EndProject
Project("{FAE04EC0-301F-11D3-BF4B-00C04F79EFBC}") = "LibraryComplexRepositories", "LibraryComplexRepositories\LibraryComplexRepositories.csproj", "{B18C3968-61BD-4FE0-A629-F0AFAE8AC635}"
EndProject
Project("{FAE04EC0-301F-11D3-BF4B-00C04F79EFBC}") = "LibraryComplexServices", "LibraryComplexServices\LibraryComplexServices.csproj", "{3EEDD31B-4444-4A06-8368-989492D03068}"
EndProject
Project("{FAE04EC0-301F-11D3-BF4B-00C04F79EFBC}") = "LibraryComplexDb", "LibraryComplexDb\LibraryComplexDb.csproj", "{BDFDF4B0-C366-4CDE-9363-0C3A4DE9C5F1}"
EndProject
Global
	GlobalSection(SolutionConfigurationPlatforms) = preSolution
		Debug|Any CPU = Debug|Any CPU
		Release|Any CPU = Release|Any CPU
	EndGlobalSection
	GlobalSection(ProjectConfigurationPlatforms) = postSolution
		{2DC346F1-893A-4DB5-A8F5-68135DC3D8DE}.Debug|Any CPU.ActiveCfg = Debug|Any CPU
		{2DC346F1-893A-4DB5-A8F5-68135DC3D8DE}.Debug|Any CPU.Build.0 = Debug|Any CPU
		{2DC346F1-893A-4DB5-A8F5-68135DC3D8DE}.Release|Any CPU.ActiveCfg = Release|Any CPU
		{2DC346F1-893A-4DB5-A8F5-68135DC3D8DE}.Release|Any CPU.Build.0 = Release|Any CPU
		{B18C3968-61BD-4FE0-A629-F0AFAE8AC635}.Debug|Any CPU.ActiveCfg = Debug|Any CPU
		{B18C3968-61BD-4FE0-A629-F0AFAE8AC635}.Debug|Any CPU.Build.0 = Debug|Any CPU
		{B18C3968-61BD-4FE0-A629-F0AFAE8AC635}.Release|Any CPU.ActiveCfg = Release|Any CPU
		{B18C3968-61BD-4FE0-A629-F0AFAE8AC635}.Release|Any CPU.Build.0 = Release|Any CPU
		{3EEDD31B-4444-4A06-8368-989492D03068}.Debug|Any CPU.ActiveCfg = Debug|Any CPU
		{3EEDD31B-4444-4A06-8368-989492D03068}.Debug|Any CPU.Build.0 = Debug|Any CPU
		{3EEDD31B-4444-4A06-8368-989492D03068}.Release|Any CPU.ActiveCfg = Release|Any CPU
		{3EEDD31B-4444-4A06-8368-989492D03068}.Release|Any CPU.Build.0 = Release|Any CPU
		{BDFDF4B0-C366-4CDE-9363-0C3A4DE9C5F1}.Debug|Any CPU.ActiveCfg = Debug|Any CPU
		{BDFDF4B0-C366-4CDE-9363-0C3A4DE9C5F1}.Debug|Any CPU.Build.0 = Debug|Any CPU
		{BDFDF4B0-C366-4CDE-9363-0C3A4DE9C5F1}.Release|Any CPU.ActiveCfg = Release|Any CPU
		{BDFDF4B0-C366-4CDE-9363-0C3A4DE9C5F1}.Release|Any CPU.Build.0 = Release|Any CPU
	EndGlobalSection
EndGlobal
